{
  "name": "qa-release-dashboard",
  "version": "1.2.0",
  "lockfileVersion": 3,
  "requires": true,
  "description": "QA Release Dashboard v1.2.0 - Demo Frontend + LocalStorage",
  "private": true,
  "packages": {
    "": {
      "name": "qa-release-dashboard",
      "version": "1.2.0",
      "engines": {
        "node": ">=18"
      }
    }
  },
  "engines": {
    "node": ">=18"
  },
  "scripts": {
    "dev": "node server/server.js",
    "start": "node server/server.js"
  }
}
